// !$*UTF8*$!
{
	archiveVersion = 1;
	classes = {
	};
	objectVersion = 77;
	objects = {

/* Begin PBXBuildFile section */
		02E783B65995792CE5B4B0D6 /* Preferences.swift in Sources */ = {isa = PBXBuildFile; fileRef = A6C92493684F300B89117A1E /* Preferences.swift */; };
		2A38CDB4206AF36B5290F042 /* WhyDueView.swift in Sources */ = {isa = PBXBuildFile; fileRef = 97A6EF9A1DC72F0E6890BB63 /* WhyDueView.swift */; };
		2AE3BFDE634992ED92B6CC17 /* KizunaApp.swift in Sources */ = {isa = PBXBuildFile; fileRef = 21112E02A46B4490F41771D4 /* KizunaApp.swift */; };
		3CEA838B2C3B73F7BCE946DF /* ConsentView.swift in Sources */ = {isa = PBXBuildFile; fileRef = 04F15CE3B44C024990767128 /* ConsentView.swift */; };
		4F065724937E8DD2275FD3D8 /* HomeView.swift in Sources */ = {isa = PBXBuildFile; fileRef = 610D354D65D78B83F6244524 /* HomeView.swift */; };
		5973C65F1565F233037AEDD7 /* seed in Resources */ = {isa = PBXBuildFile; fileRef = 471ECCED2807421DD2C7D9DF /* seed */; };
		5C03E6AED6488994677D6027 /* SettingsView.swift in Sources */ = {isa = PBXBuildFile; fileRef = CE745533B0F3928EEBC99EB7 /* SettingsView.swift */; };
		5F5CAC76CD194E2712ADDD4D /* ReaderView.swift in Sources */ = {isa = PBXBuildFile; fileRef = E872766497B5B4740E76C391 /* ReaderView.swift */; };
		6277871AEA3EAA8F88411BA8 /* DataManager.swift in Sources */ = {isa = PBXBuildFile; fileRef = 66E60CA0ACA0246D0C17D425 /* DataManager.swift */; };
		65C9C396D2683790BC5FF10F /* PrivacyInfo.xcprivacy in Resources */ = {isa = PBXBuildFile; fileRef = 636B61F43C61A6C59CDE946F /* PrivacyInfo.xcprivacy */; };
		6725E154E2B1AC945734FA20 /* AppContainer.swift in Sources */ = {isa = PBXBuildFile; fileRef = 942369F6BB1406B2BE170AEF /* AppContainer.swift */; };
		6D0ABC63F57923325C909C20 /* ContentBootstrap.swift in Sources */ = {isa = PBXBuildFile; fileRef = FB050824D8B2E836FEDC6670 /* ContentBootstrap.swift */; };
		88FE9C57CA7403FB8C39B0B3 /* RoleplayView.swift in Sources */ = {isa = PBXBuildFile; fileRef = 665A81C30A3AE528C2C69375 /* RoleplayView.swift */; };
		8C4166C370501BE7C327A44E /* MasteryDashboardView.swift in Sources */ = {isa = PBXBuildFile; fileRef = 2C1B9AFC9BE8BBF6FF06320D /* MasteryDashboardView.swift */; };
		955854218DFA78A56A07801B /* DrillView.swift in Sources */ = {isa = PBXBuildFile; fileRef = 1AA25C06355708FC1E61153E /* DrillView.swift */; };
		B840F5C5935B11972FFFC3F7 /* KizunaKit in Frameworks */ = {isa = PBXBuildFile; productRef = 316018456B31A50F1828C67E /* KizunaKit */; };
		DD20C5A10B977BD132A8B3D7 /* ComplianceStore.swift in Sources */ = {isa = PBXBuildFile; fileRef = 0DD28F0B31979AFA8F076322 /* ComplianceStore.swift */; };
		EBE9349439B5A3494A44D647 /* LicensesView.swift in Sources */ = {isa = PBXBuildFile; fileRef = FAF79D2EFF80F05D29F073E0 /* LicensesView.swift */; };
/* End PBXBuildFile section */

/* Begin PBXFileReference section */
		04F15CE3B44C024990767128 /* ConsentView.swift */ = {isa = PBXFileReference; lastKnownFileType = sourcecode.swift; path = ConsentView.swift; sourceTree = "<group>"; };
		0DD28F0B31979AFA8F076322 /* ComplianceStore.swift */ = {isa = PBXFileReference; lastKnownFileType = sourcecode.swift; path = ComplianceStore.swift; sourceTree = "<group>"; };
		1AA25C06355708FC1E61153E /* DrillView.swift */ = {isa = PBXFileReference; lastKnownFileType = sourcecode.swift; path = DrillView.swift; sourceTree = "<group>"; };
		21112E02A46B4490F41771D4 /* KizunaApp.swift */ = {isa = PBXFileReference; lastKnownFileType = sourcecode.swift; path = KizunaApp.swift; sourceTree = "<group>"; };
		2C1B9AFC9BE8BBF6FF06320D /* MasteryDashboardView.swift */ = {isa = PBXFileReference; lastKnownFileType = sourcecode.swift; path = MasteryDashboardView.swift; sourceTree = "<group>"; };
		471ECCED2807421DD2C7D9DF /* seed */ = {isa = PBXFileReference; lastKnownFileType = folder; name = seed; path = ../tools/seed; sourceTree = SOURCE_ROOT; };
		610D354D65D78B83F6244524 /* HomeView.swift */ = {isa = PBXFileReference; lastKnownFileType = sourcecode.swift; path = HomeView.swift; sourceTree = "<group>"; };
		636B61F43C61A6C59CDE946F /* PrivacyInfo.xcprivacy */ = {isa = PBXFileReference; path = PrivacyInfo.xcprivacy; sourceTree = "<group>"; };
		665A81C30A3AE528C2C69375 /* RoleplayView.swift */ = {isa = PBXFileReference; lastKnownFileType = sourcecode.swift; path = RoleplayView.swift; sourceTree = "<group>"; };
		66E60CA0ACA0246D0C17D425 /* DataManager.swift */ = {isa = PBXFileReference; lastKnownFileType = sourcecode.swift; path = DataManager.swift; sourceTree = "<group>"; };
		7959ACC2A9C0556EE5AAC796 /* Kizuna.app */ = {isa = PBXFileReference; includeInIndex = 0; lastKnownFileType = wrapper.application; path = Kizuna.app; sourceTree = BUILT_PRODUCTS_DIR; };
		942369F6BB1406B2BE170AEF /* AppContainer.swift */ = {isa = PBXFileReference; lastKnownFileType = sourcecode.swift; path = AppContainer.swift; sourceTree = "<group>"; };
		97A6EF9A1DC72F0E6890BB63 /* WhyDueView.swift */ = {isa = PBXFileReference; lastKnownFileType = sourcecode.swift; path = WhyDueView.swift; sourceTree = "<group>"; };
		A6C92493684F300B89117A1E /* Preferences.swift */ = {isa = PBXFileReference; lastKnownFileType = sourcecode.swift; path = Preferences.swift; sourceTree = "<group>"; };
		C628DD408B6527E92B9A77EC /* KizunaKit */ = {isa = PBXFileReference; lastKnownFileType = folder; name = KizunaKit; path = Packages/KizunaKit; sourceTree = SOURCE_ROOT; };
		CE745533B0F3928EEBC99EB7 /* SettingsView.swift */ = {isa = PBXFileReference; lastKnownFileType = sourcecode.swift; path = SettingsView.swift; sourceTree = "<group>"; };
		E872766497B5B4740E76C391 /* ReaderView.swift */ = {isa = PBXFileReference; lastKnownFileType = sourcecode.swift; path = ReaderView.swift; sourceTree = "<group>"; };
		FAF79D2EFF80F05D29F073E0 /* LicensesView.swift */ = {isa = PBXFileReference; lastKnownFileType = sourcecode.swift; path = LicensesView.swift; sourceTree = "<group>"; };
		FB050824D8B2E836FEDC6670 /* ContentBootstrap.swift */ = {isa = PBXFileReference; lastKnownFileType = sourcecode.swift; path = ContentBootstrap.swift; sourceTree = "<group>"; };
/* End PBXFileReference section */

/* Begin PBXFrameworksBuildPhase section */
		F4D3ECEE91EDD30998010ACD /* Frameworks */ = {
			isa = PBXFrameworksBuildPhase;
			buildActionMask = 2147483647;
			files = (
				B840F5C5935B11972FFFC3F7 /* KizunaKit in Frameworks */,
			);
			runOnlyForDeploymentPostprocessing = 0;
		};
/* End PBXFrameworksBuildPhase section */

/* Begin PBXGroup section */
		06D3EF12B9F40A1BB0903088 /* tenpo-ai */ = {
			isa = PBXGroup;
			children = (
				455E0ED25D843608020785A4 /* tools */,
			);
			name = "tenpo-ai";
			path = ..;
			sourceTree = "<group>";
		};
		1174DF051784752E462D7C82 /* Compliance */ = {
			isa = PBXGroup;
			children = (
				0DD28F0B31979AFA8F076322 /* ComplianceStore.swift */,
				04F15CE3B44C024990767128 /* ConsentView.swift */,
				66E60CA0ACA0246D0C17D425 /* DataManager.swift */,
				FAF79D2EFF80F05D29F073E0 /* LicensesView.swift */,
				CE745533B0F3928EEBC99EB7 /* SettingsView.swift */,
			);
			path = Compliance;
			sourceTree = "<group>";
		};
		11B3338CFE943B0C273EE5A0 = {
			isa = PBXGroup;
			children = (
				60669A04732ECBD7677EB50A /* App */,
				C1C9F1DD0E90C16882BC5725 /* Packages */,
				06D3EF12B9F40A1BB0903088 /* tenpo-ai */,
				CF0BDDE50B6990398FB2C7C2 /* Products */,
			);
			sourceTree = "<group>";
		};
		455E0ED25D843608020785A4 /* tools */ = {
			isa = PBXGroup;
			children = (
				471ECCED2807421DD2C7D9DF /* seed */,
			);
			path = tools;
			sourceTree = "<group>";
		};
		60669A04732ECBD7677EB50A /* App */ = {
			isa = PBXGroup;
			children = (
				942369F6BB1406B2BE170AEF /* AppContainer.swift */,
				FB050824D8B2E836FEDC6670 /* ContentBootstrap.swift */,
				1AA25C06355708FC1E61153E /* DrillView.swift */,
				610D354D65D78B83F6244524 /* HomeView.swift */,
				21112E02A46B4490F41771D4 /* KizunaApp.swift */,
				2C1B9AFC9BE8BBF6FF06320D /* MasteryDashboardView.swift */,
				A6C92493684F300B89117A1E /* Preferences.swift */,
				636B61F43C61A6C59CDE946F /* PrivacyInfo.xcprivacy */,
				E872766497B5B4740E76C391 /* ReaderView.swift */,
				665A81C30A3AE528C2C69375 /* RoleplayView.swift */,
				97A6EF9A1DC72F0E6890BB63 /* WhyDueView.swift */,
				1174DF051784752E462D7C82 /* Compliance */,
			);
			path = App;
			sourceTree = "<group>";
		};
		C1C9F1DD0E90C16882BC5725 /* Packages */ = {
			isa = PBXGroup;
			children = (
				C628DD408B6527E92B9A77EC /* KizunaKit */,
			);
			path = Packages;
			sourceTree = "<group>";
		};
		CF0BDDE50B6990398FB2C7C2 /* Products */ = {
			isa = PBXGroup;
			children = (
				7959ACC2A9C0556EE5AAC796 /* Kizuna.app */,
			);
			name = Products;
			sourceTree = "<group>";
		};
/* End PBXGroup section */

/* Begin PBXNativeTarget section */
		69DFE76BF46ADB6C93DEF8A0 /* Kizuna */ = {
			isa = PBXNativeTarget;
			buildConfigurationList = B27F45815A4D0F7D61BC516C /* Build configuration list for PBXNativeTarget "Kizuna" */;
			buildPhases = (
				149D0FAB52D3E06A69F2E6C7 /* Sources */,
				F5AD39D7996022B25C1067C3 /* Resources */,
				F4D3ECEE91EDD30998010ACD /* Frameworks */,
			);
			buildRules = (
			);
			dependencies = (
			);
			name = Kizuna;
			packageProductDependencies = (
				316018456B31A50F1828C67E /* KizunaKit */,
			);
			productName = Kizuna;
			productReference = 7959ACC2A9C0556EE5AAC796 /* Kizuna.app */;
			productType = "com.apple.product-type.application";
		};
/* End PBXNativeTarget section */

/* Begin PBXProject section */
		6D73C5B2B88CEBF086F684AB /* Project object */ = {
			isa = PBXProject;
			attributes = {
				BuildIndependentTargetsInParallel = YES;
				LastUpgradeCheck = 1430;
				TargetAttributes = {
					69DFE76BF46ADB6C93DEF8A0 = {
						ProvisioningStyle = Automatic;
					};
				};
			};
			buildConfigurationList = 0AD05CCCF7A01A4D10F92AA3 /* Build configuration list for PBXProject "Kizuna" */;
			developmentRegion = en;
			hasScannedForEncodings = 0;
			knownRegions = (
				Base,
				en,
			);
			mainGroup = 11B3338CFE943B0C273EE5A0;
			minimizedProjectReferenceProxies = 1;
			packageReferences = (
				25A7A5EC5FA17C070780530C /* XCLocalSwiftPackageReference "Packages/KizunaKit" */,
			);
			preferredProjectObjectVersion = 77;
			productRefGroup = CF0BDDE50B6990398FB2C7C2 /* Products */;
			projectDirPath = "";
			projectRoot = "";
			targets = (
				69DFE76BF46ADB6C93DEF8A0 /* Kizuna */,
			);
		};
/* End PBXProject section */

/* Begin PBXResourcesBuildPhase section */
		F5AD39D7996022B25C1067C3 /* Resources */ = {
			isa = PBXResourcesBuildPhase;
			buildActionMask = 2147483647;
			files = (
				65C9C396D2683790BC5FF10F /* PrivacyInfo.xcprivacy in Resources */,
				5973C65F1565F233037AEDD7 /* seed in Resources */,
			);
			runOnlyForDeploymentPostprocessing = 0;
		};
/* End PBXResourcesBuildPhase section */

/* Begin PBXSourcesBuildPhase section */
		149D0FAB52D3E06A69F2E6C7 /* Sources */ = {
			isa = PBXSourcesBuildPhase;
			buildActionMask = 2147483647;
			files = (
				6725E154E2B1AC945734FA20 /* AppContainer.swift in Sources */,
				DD20C5A10B977BD132A8B3D7 /* ComplianceStore.swift in Sources */,
				3CEA838B2C3B73F7BCE946DF /* ConsentView.swift in Sources */,
				6D0ABC63F57923325C909C20 /* ContentBootstrap.swift in Sources */,
				6277871AEA3EAA8F88411BA8 /* DataManager.swift in Sources */,
				955854218DFA78A56A07801B /* DrillView.swift in Sources */,
				4F065724937E8DD2275FD3D8 /* HomeView.swift in Sources */,
				2AE3BFDE634992ED92B6CC17 /* KizunaApp.swift in Sources */,
				EBE9349439B5A3494A44D647 /* LicensesView.swift in Sources */,
				8C4166C370501BE7C327A44E /* MasteryDashboardView.swift in Sources */,
				02E783B65995792CE5B4B0D6 /* Preferences.swift in Sources */,
				5F5CAC76CD194E2712ADDD4D /* ReaderView.swift in Sources */,
				88FE9C57CA7403FB8C39B0B3 /* RoleplayView.swift in Sources */,
				5C03E6AED6488994677D6027 /* SettingsView.swift in Sources */,
				2A38CDB4206AF36B5290F042 /* WhyDueView.swift in Sources */,
			);
			runOnlyForDeploymentPostprocessing = 0;
		};
/* End PBXSourcesBuildPhase section */

/* Begin XCBuildConfiguration section */
		95228D852091175D0A2B2575 /* Release */ = {
			isa = XCBuildConfiguration;
			buildSettings = {
				ASSETCATALOG_COMPILER_APPICON_NAME = AppIcon;
				CODE_SIGN_IDENTITY = "iPhone Developer";
				CODE_SIGN_STYLE = Automatic;
				CURRENT_PROJECT_VERSION = 1;
				GENERATE_INFOPLIST_FILE = YES;
				INFOPLIST_KEY_NSMicrophoneUsageDescription = "Kizuna records your voice during practice to transcribe and grade your speaking. Audio is processed by speech-recognition providers listed in Settings → Privacy.";
				INFOPLIST_KEY_NSSpeechRecognitionUsageDescription = "Kizuna uses on-device speech recognition to grade your spoken answers instantly, without sending easy drills to a server.";
				INFOPLIST_KEY_UILaunchScreen_Generation = YES;
				INFOPLIST_KEY_UISupportedInterfaceOrientations_iPad = "UIInterfaceOrientationPortrait UIInterfaceOrientationPortraitUpsideDown UIInterfaceOrientationLandscapeLeft UIInterfaceOrientationLandscapeRight";
				INFOPLIST_KEY_UISupportedInterfaceOrientations_iPhone = UIInterfaceOrientationPortrait;
				LD_RUNPATH_SEARCH_PATHS = (
					"$(inherited)",
					"@executable_path/Frameworks",
				);
				MARKETING_VERSION = 0.1.0;
				PRODUCT_BUNDLE_IDENTIFIER = com.joshuadavid.kizuna;
				SDKROOT = iphoneos;
				SWIFT_VERSION = 6.0;
				TARGETED_DEVICE_FAMILY = "1,2";
			};
			name = Release;
		};
		E35C3C136126A3620CA18D63 /* Debug */ = {
			isa = XCBuildConfiguration;
			buildSettings = {
				ALWAYS_SEARCH_USER_PATHS = NO;
				CLANG_ANALYZER_NONNULL = YES;
				CLANG_ANALYZER_NUMBER_OBJECT_CONVERSION = YES_AGGRESSIVE;
				CLANG_CXX_LANGUAGE_STANDARD = "gnu++14";
				CLANG_CXX_LIBRARY = "libc++";
				CLANG_ENABLE_MODULES = YES;
				CLANG_ENABLE_OBJC_ARC = YES;
				CLANG_ENABLE_OBJC_WEAK = YES;
				CLANG_WARN_BLOCK_CAPTURE_AUTORELEASING = YES;
				CLANG_WARN_BOOL_CONVERSION = YES;
				CLANG_WARN_COMMA = YES;
				CLANG_WARN_CONSTANT_CONVERSION = YES;
				CLANG_WARN_DEPRECATED_OBJC_IMPLEMENTATIONS = YES;
				CLANG_WARN_DIRECT_OBJC_ISA_USAGE = YES_ERROR;
				CLANG_WARN_DOCUMENTATION_COMMENTS = YES;
				CLANG_WARN_EMPTY_BODY = YES;
				CLANG_WARN_ENUM_CONVERSION = YES;
				CLANG_WARN_INFINITE_RECURSION = YES;
				CLANG_WARN_INT_CONVERSION = YES;
				CLANG_WARN_NON_LITERAL_NULL_CONVERSION = YES;
				CLANG_WARN_OBJC_IMPLICIT_RETAIN_SELF = YES;
				CLANG_WARN_OBJC_LITERAL_CONVERSION = YES;
				CLANG_WARN_OBJC_ROOT_CLASS = YES_ERROR;
				CLANG_WARN_QUOTED_INCLUDE_IN_FRAMEWORK_HEADER = YES;
				CLANG_WARN_RANGE_LOOP_ANALYSIS = YES;
				CLANG_WARN_STRICT_PROTOTYPES = YES;
				CLANG_WARN_SUSPICIOUS_MOVE = YES;
				CLANG_WARN_UNGUARDED_AVAILABILITY = YES_AGGRESSIVE;
				CLANG_WARN_UNREACHABLE_CODE = YES;
				CLANG_WARN__DUPLICATE_METHOD_MATCH = YES;
				COPY_PHASE_STRIP = NO;
				DEBUG_INFORMATION_FORMAT = dwarf;
				ENABLE_STRICT_OBJC_MSGSEND = YES;
				ENABLE_TESTABILITY = YES;
				GCC_C_LANGUAGE_STANDARD = gnu11;
				GCC_DYNAMIC_NO_PIC = NO;
				GCC_NO_COMMON_BLOCKS = YES;
				GCC_OPTIMIZATION_LEVEL = 0;
				GCC_PREPROCESSOR_DEFINITIONS = (
					"$(inherited)",
					"DEBUG=1",
				);
				GCC_WARN_64_TO_32_BIT_CONVERSION = YES;
				GCC_WARN_ABOUT_RETURN_TYPE = YES_ERROR;
				GCC_WARN_UNDECLARED_SELECTOR = YES;
				GCC_WARN_UNINITIALIZED_AUTOS = YES_AGGRESSIVE;
				GCC_WARN_UNUSED_FUNCTION = YES;
				GCC_WARN_UNUSED_VARIABLE = YES;
				IPHONEOS_DEPLOYMENT_TARGET = 17.0;
				MTL_ENABLE_DEBUG_INFO = INCLUDE_SOURCE;
				MTL_FAST_MATH = YES;
				ONLY_ACTIVE_ARCH = YES;
				PRODUCT_NAME = "$(TARGET_NAME)";
				SDKROOT = iphoneos;
				SWIFT_ACTIVE_COMPILATION_CONDITIONS = DEBUG;
				SWIFT_OPTIMIZATION_LEVEL = "-Onone";
				SWIFT_VERSION = 5.0;
			};
			name = Debug;
		};
		F61BEE9321EC738E32D6B910 /* Release */ = {
			isa = XCBuildConfiguration;
			buildSettings = {
				ALWAYS_SEARCH_USER_PATHS = NO;
				CLANG_ANALYZER_NONNULL = YES;
				CLANG_ANALYZER_NUMBER_OBJECT_CONVERSION = YES_AGGRESSIVE;
				CLANG_CXX_LANGUAGE_STANDARD = "gnu++14";
				CLANG_CXX_LIBRARY = "libc++";
				CLANG_ENABLE_MODULES = YES;
				CLANG_ENABLE_OBJC_ARC = YES;
				CLANG_ENABLE_OBJC_WEAK = YES;
				CLANG_WARN_BLOCK_CAPTURE_AUTORELEASING = YES;
				CLANG_WARN_BOOL_CONVERSION = YES;
				CLANG_WARN_COMMA = YES;
				CLANG_WARN_CONSTANT_CONVERSION = YES;
				CLANG_WARN_DEPRECATED_OBJC_IMPLEMENTATIONS = YES;
				CLANG_WARN_DIRECT_OBJC_ISA_USAGE = YES_ERROR;
				CLANG_WARN_DOCUMENTATION_COMMENTS = YES;
				CLANG_WARN_EMPTY_BODY = YES;
				CLANG_WARN_ENUM_CONVERSION = YES;
				CLANG_WARN_INFINITE_RECURSION = YES;
				CLANG_WARN_INT_CONVERSION = YES;
				CLANG_WARN_NON_LITERAL_NULL_CONVERSION = YES;
				CLANG_WARN_OBJC_IMPLICIT_RETAIN_SELF = YES;
				CLANG_WARN_OBJC_LITERAL_CONVERSION = YES;
				CLANG_WARN_OBJC_ROOT_CLASS = YES_ERROR;
				CLANG_WARN_QUOTED_INCLUDE_IN_FRAMEWORK_HEADER = YES;
				CLANG_WARN_RANGE_LOOP_ANALYSIS = YES;
				CLANG_WARN_STRICT_PROTOTYPES = YES;
				CLANG_WARN_SUSPICIOUS_MOVE = YES;
				CLANG_WARN_UNGUARDED_AVAILABILITY = YES_AGGRESSIVE;
				CLANG_WARN_UNREACHABLE_CODE = YES;
				CLANG_WARN__DUPLICATE_METHOD_MATCH = YES;
				COPY_PHASE_STRIP = NO;
				DEBUG_INFORMATION_FORMAT = "dwarf-with-dsym";
				ENABLE_NS_ASSERTIONS = NO;
				ENABLE_STRICT_OBJC_MSGSEND = YES;
				GCC_C_LANGUAGE_STANDARD = gnu11;
				GCC_NO_COMMON_BLOCKS = YES;
				GCC_WARN_64_TO_32_BIT_CONVERSION = YES;
				GCC_WARN_ABOUT_RETURN_TYPE = YES_ERROR;
				GCC_WARN_UNDECLARED_SELECTOR = YES;
				GCC_WARN_UNINITIALIZED_AUTOS = YES_AGGRESSIVE;
				GCC_WARN_UNUSED_FUNCTION = YES;
				GCC_WARN_UNUSED_VARIABLE = YES;
				IPHONEOS_DEPLOYMENT_TARGET = 17.0;
				MTL_ENABLE_DEBUG_INFO = NO;
				MTL_FAST_MATH = YES;
				PRODUCT_NAME = "$(TARGET_NAME)";
				SDKROOT = iphoneos;
				SWIFT_COMPILATION_MODE = wholemodule;
				SWIFT_OPTIMIZATION_LEVEL = "-O";
				SWIFT_VERSION = 5.0;
			};
			name = Release;
		};
		FA3169335A23884DE98D7AAD /* Debug */ = {
			isa = XCBuildConfiguration;
			buildSettings = {
				ASSETCATALOG_COMPILER_APPICON_NAME = AppIcon;
				CODE_SIGN_IDENTITY = "iPhone Developer";
				CODE_SIGN_STYLE = Automatic;
				CURRENT_PROJECT_VERSION = 1;
				GENERATE_INFOPLIST_FILE = YES;
				INFOPLIST_KEY_NSMicrophoneUsageDescription = "Kizuna records your voice during practice to transcribe and grade your speaking. Audio is processed by speech-recognition providers listed in Settings → Privacy.";
				INFOPLIST_KEY_NSSpeechRecognitionUsageDescription = "Kizuna uses on-device speech recognition to grade your spoken answers instantly, without sending easy drills to a server.";
				INFOPLIST_KEY_UILaunchScreen_Generation = YES;
				INFOPLIST_KEY_UISupportedInterfaceOrientations_iPad = "UIInterfaceOrientationPortrait UIInterfaceOrientationPortraitUpsideDown UIInterfaceOrientationLandscapeLeft UIInterfaceOrientationLandscapeRight";
				INFOPLIST_KEY_UISupportedInterfaceOrientations_iPhone = UIInterfaceOrientationPortrait;
				LD_RUNPATH_SEARCH_PATHS = (
					"$(inherited)",
					"@executable_path/Frameworks",
				);
				MARKETING_VERSION = 0.1.0;
				PRODUCT_BUNDLE_IDENTIFIER = com.joshuadavid.kizuna;
				SDKROOT = iphoneos;
				SWIFT_VERSION = 6.0;
				TARGETED_DEVICE_FAMILY = "1,2";
			};
			name = Debug;
		};
/* End XCBuildConfiguration section */

/* Begin XCConfigurationList section */
		0AD05CCCF7A01A4D10F92AA3 /* Build configuration list for PBXProject "Kizuna" */ = {
			isa = XCConfigurationList;
			buildConfigurations = (
				E35C3C136126A3620CA18D63 /* Debug */,
				F61BEE9321EC738E32D6B910 /* Release */,
			);
			defaultConfigurationIsVisible = 0;
			defaultConfigurationName = Debug;
		};
		B27F45815A4D0F7D61BC516C /* Build configuration list for PBXNativeTarget "Kizuna" */ = {
			isa = XCConfigurationList;
			buildConfigurations = (
				FA3169335A23884DE98D7AAD /* Debug */,
				95228D852091175D0A2B2575 /* Release */,
			);
			defaultConfigurationIsVisible = 0;
			defaultConfigurationName = Debug;
		};
/* End XCConfigurationList section */

/* Begin XCLocalSwiftPackageReference section */
		25A7A5EC5FA17C070780530C /* XCLocalSwiftPackageReference "Packages/KizunaKit" */ = {
			isa = XCLocalSwiftPackageReference;
			relativePath = Packages/KizunaKit;
		};
/* End XCLocalSwiftPackageReference section */

/* Begin XCSwiftPackageProductDependency section */
		316018456B31A50F1828C67E /* KizunaKit */ = {
			isa = XCSwiftPackageProductDependency;
			productName = KizunaKit;
		};
/* End XCSwiftPackageProductDependency section */
	};
	rootObject = 6D73C5B2B88CEBF086F684AB /* Project object */;
}
